
Microsoft Visual Studio Solution File, Format Version 12.00
# Visual Studio Version 17
VisualStudioVersion = 17.14.36109.1 d17.14
MinimumVisualStudioVersion = 10.0.40219.1
Project("{FAE04EC0-301F-11D3-BF4B-00C04F79EFBC}") = "SistemaCondominio.Api", "SistemaCondominio.Api.csproj", "{A7A5DDF6-B598-4D95-B7E2-CEB0D837C1BD}"
EndProject
Global
	GlobalSection(SolutionConfigurationPlatforms) = preSolution
		Debug|Any CPU = Debug|Any CPU
		Release|Any CPU = Release|Any CPU
	EndGlobalSection
	GlobalSection(ProjectConfigurationPlatforms) = postSolution
		{A7A5DDF6-B598-4D95-B7E2-CEB0D837C1BD}.Debug|Any CPU.ActiveCfg = Debug|Any CPU
		{A7A5DDF6-B598-4D95-B7E2-CEB0D837C1BD}.Debug|Any CPU.Build.0 = Debug|Any CPU
		{A7A5DDF6-B598-4D95-B7E2-CEB0D837C1BD}.Release|Any CPU.ActiveCfg = Release|Any CPU
		{A7A5DDF6-B598-4D95-B7E2-CEB0D837C1BD}.Release|Any CPU.Build.0 = Release|Any CPU
	EndGlobalSection
	GlobalSection(SolutionProperties) = preSolution
		HideSolutionNode = FALSE
	EndGlobalSection
	GlobalSection(ExtensibilityGlobals) = postSolution
		SolutionGuid = {72080371-3EE1-40B5-BC59-3159C3100F89}
	EndGlobalSection
EndGlobal
